# This file was autogenerated by Stack.
# You should not edit this file by hand.
# For more information, please see the documentation at:
#   https://docs.haskellstack.org/en/stable/lock_files

packages:
- completed:
    hackage: turtle-1.6.2@sha256:75710c60388e572bc17cbb08a81cbb4537f2207f8dcf187e9b1928d1e0b023a6,5767
    pantry-tree:
      sha256: 3cf59b12bc7c3c529d66be884776f656dbc1fa5fa5ecd0cef738389519154baa
      size: 1180
  original:
    hackage: turtle-1.6.2
snapshots:
- completed:
    sha256: edbd50d7e7c85c13ad5f5835ae2db92fab1e9cf05ecf85340e2622ec0a303df1
    size: 720020
    url: https://raw.githubusercontent.com/commercialhaskell/stackage-snapshots/master/lts/22/34.yaml
  original: lts-22.34
